
Microsoft Visual Studio Solution File, Format Version 12.00
# Visual Studio Version 16
VisualStudioVersion = 16.0.32228.343
MinimumVisualStudioVersion = 10.0.40219.1
Project("{FAE04EC0-301F-11D3-BF4B-00C04F79EFBC}") = "ProductManager238", "ProductManager238\ProductManager238.csproj", "{CEB750B4-DAD6-46EE-BE07-4E678E78B082}"
EndProject
Global
	GlobalSection(SolutionConfigurationPlatforms) = preSolution
		Debug|Any CPU = Debug|Any CPU
		Release|Any CPU = Release|Any CPU
	EndGlobalSection
	GlobalSection(ProjectConfigurationPlatforms) = postSolution
		{CEB750B4-DAD6-46EE-BE07-4E678E78B082}.Debug|Any CPU.ActiveCfg = Debug|Any CPU
		{CEB750B4-DAD6-46EE-BE07-4E678E78B082}.Debug|Any CPU.Build.0 = Debug|Any CPU
		{CEB750B4-DAD6-46EE-BE07-4E678E78B082}.Release|Any CPU.ActiveCfg = Release|Any CPU
		{CEB750B4-DAD6-46EE-BE07-4E678E78B082}.Release|Any CPU.Build.0 = Release|Any CPU
	EndGlobalSection
	GlobalSection(SolutionProperties) = preSolution
		HideSolutionNode = FALSE
	EndGlobalSection
	GlobalSection(ExtensibilityGlobals) = postSolution
		SolutionGuid = {6E23FB87-45AB-42F4-8F44-E2F6DE1130F6}
	EndGlobalSection
EndGlobal
